
Microsoft Visual Studio Solution File, Format Version 12.00
# Visual Studio Version 17
VisualStudioVersion = 17.0.31903.59
MinimumVisualStudioVersion = 10.0.40219.1
Project("{9A19103F-16F7-4668-BE54-9A1E7A4F7556}") = "Day1", "Day1\Day1.csproj", "{57755832-CBED-41CC-B538-AFF2686D531E}"
EndProject
Project("{9A19103F-16F7-4668-BE54-9A1E7A4F7556}") = "Day2", "Day2\Day2.csproj", "{C665F7E4-C2D6-4EE2-A390-F13EB51C964C}"
EndProject
Project("{9A19103F-16F7-4668-BE54-9A1E7A4F7556}") = "Day3", "Day3\Day3.csproj", "{55723C64-0EF1-47EF-964E-1F2D89919144}"
EndProject
Project("{FAE04EC0-301F-11D3-BF4B-00C04F79EFBC}") = "Day4", "Day4\Day4.csproj", "{DC49C160-2ACB-4822-8DF0-24DCA43423C8}"
EndProject
Project("{FAE04EC0-301F-11D3-BF4B-00C04F79EFBC}") = "Day5", "Day5\Day5.csproj", "{C131B873-EA24-4B86-A189-805A8B29E7DA}"
EndProject
Project("{FAE04EC0-301F-11D3-BF4B-00C04F79EFBC}") = "Day6", "Day6\Day6.csproj", "{D34B792B-5D24-4E4B-89F0-A234EE548232}"
EndProject
Project("{FAE04EC0-301F-11D3-BF4B-00C04F79EFBC}") = "Day7", "Day7\Day7.csproj", "{47AE42E8-42E1-46F3-A0AA-87A4C3392A0D}"
EndProject
Project("{FAE04EC0-301F-11D3-BF4B-00C04F79EFBC}") = "Day8", "Day8\Day8.csproj", "{DCB86400-1920-4FB7-96F7-FBE1103F813B}"
EndProject
Project("{FAE04EC0-301F-11D3-BF4B-00C04F79EFBC}") = "Day9", "Day9\Day9.csproj", "{7C8673FF-E974-4C75-A831-A89A65067BEE}"
EndProject
Project("{FAE04EC0-301F-11D3-BF4B-00C04F79EFBC}") = "Day10", "Day10\Day10.csproj", "{0AD42E86-044D-45CA-B215-D1A9E313E620}"
EndProject
Project("{FAE04EC0-301F-11D3-BF4B-00C04F79EFBC}") = "Day11", "Day11\Day11.csproj", "{8A93D742-C7D2-40A4-AA53-65D7431E1122}"
EndProject
Global
	GlobalSection(SolutionConfigurationPlatforms) = preSolution
		Debug|Any CPU = Debug|Any CPU
		Release|Any CPU = Release|Any CPU
	EndGlobalSection
	GlobalSection(ProjectConfigurationPlatforms) = postSolution
		{57755832-CBED-41CC-B538-AFF2686D531E}.Debug|Any CPU.ActiveCfg = Debug|Any CPU
		{57755832-CBED-41CC-B538-AFF2686D531E}.Debug|Any CPU.Build.0 = Debug|Any CPU
		{57755832-CBED-41CC-B538-AFF2686D531E}.Release|Any CPU.ActiveCfg = Release|Any CPU
		{57755832-CBED-41CC-B538-AFF2686D531E}.Release|Any CPU.Build.0 = Release|Any CPU
		{C665F7E4-C2D6-4EE2-A390-F13EB51C964C}.Debug|Any CPU.ActiveCfg = Debug|Any CPU
		{C665F7E4-C2D6-4EE2-A390-F13EB51C964C}.Debug|Any CPU.Build.0 = Debug|Any CPU
		{C665F7E4-C2D6-4EE2-A390-F13EB51C964C}.Release|Any CPU.ActiveCfg = Release|Any CPU
		{C665F7E4-C2D6-4EE2-A390-F13EB51C964C}.Release|Any CPU.Build.0 = Release|Any CPU
		{55723C64-0EF1-47EF-964E-1F2D89919144}.Debug|Any CPU.ActiveCfg = Debug|Any CPU
		{55723C64-0EF1-47EF-964E-1F2D89919144}.Debug|Any CPU.Build.0 = Debug|Any CPU
		{55723C64-0EF1-47EF-964E-1F2D89919144}.Release|Any CPU.ActiveCfg = Release|Any CPU
		{55723C64-0EF1-47EF-964E-1F2D89919144}.Release|Any CPU.Build.0 = Release|Any CPU
		{DC49C160-2ACB-4822-8DF0-24DCA43423C8}.Debug|Any CPU.ActiveCfg = Debug|Any CPU
		{DC49C160-2ACB-4822-8DF0-24DCA43423C8}.Debug|Any CPU.Build.0 = Debug|Any CPU
		{DC49C160-2ACB-4822-8DF0-24DCA43423C8}.Release|Any CPU.ActiveCfg = Release|Any CPU
		{DC49C160-2ACB-4822-8DF0-24DCA43423C8}.Release|Any CPU.Build.0 = Release|Any CPU
		{C131B873-EA24-4B86-A189-805A8B29E7DA}.Debug|Any CPU.ActiveCfg = Debug|Any CPU
		{C131B873-EA24-4B86-A189-805A8B29E7DA}.Debug|Any CPU.Build.0 = Debug|Any CPU
		{C131B873-EA24-4B86-A189-805A8B29E7DA}.Release|Any CPU.ActiveCfg = Release|Any CPU
		{C131B873-EA24-4B86-A189-805A8B29E7DA}.Release|Any CPU.Build.0 = Release|Any CPU
		{D34B792B-5D24-4E4B-89F0-A234EE548232}.Debug|Any CPU.ActiveCfg = Debug|Any CPU
		{D34B792B-5D24-4E4B-89F0-A234EE548232}.Debug|Any CPU.Build.0 = Debug|Any CPU
		{D34B792B-5D24-4E4B-89F0-A234EE548232}.Release|Any CPU.ActiveCfg = Release|Any CPU
		{D34B792B-5D24-4E4B-89F0-A234EE548232}.Release|Any CPU.Build.0 = Release|Any CPU
		{47AE42E8-42E1-46F3-A0AA-87A4C3392A0D}.Debug|Any CPU.ActiveCfg = Debug|Any CPU
		{47AE42E8-42E1-46F3-A0AA-87A4C3392A0D}.Debug|Any CPU.Build.0 = Debug|Any CPU
		{47AE42E8-42E1-46F3-A0AA-87A4C3392A0D}.Release|Any CPU.ActiveCfg = Release|Any CPU
		{47AE42E8-42E1-46F3-A0AA-87A4C3392A0D}.Release|Any CPU.Build.0 = Release|Any CPU
		{DCB86400-1920-4FB7-96F7-FBE1103F813B}.Debug|Any CPU.ActiveCfg = Debug|Any CPU
		{DCB86400-1920-4FB7-96F7-FBE1103F813B}.Debug|Any CPU.Build.0 = Debug|Any CPU
		{DCB86400-1920-4FB7-96F7-FBE1103F813B}.Release|Any CPU.ActiveCfg = Release|Any CPU
		{DCB86400-1920-4FB7-96F7-FBE1103F813B}.Release|Any CPU.Build.0 = Release|Any CPU
		{7C8673FF-E974-4C75-A831-A89A65067BEE}.Debug|Any CPU.ActiveCfg = Debug|Any CPU
		{7C8673FF-E974-4C75-A831-A89A65067BEE}.Debug|Any CPU.Build.0 = Debug|Any CPU
		{7C8673FF-E974-4C75-A831-A89A65067BEE}.Release|Any CPU.ActiveCfg = Release|Any CPU
		{7C8673FF-E974-4C75-A831-A89A65067BEE}.Release|Any CPU.Build.0 = Release|Any CPU
		{0AD42E86-044D-45CA-B215-D1A9E313E620}.Debug|Any CPU.ActiveCfg = Debug|Any CPU
		{0AD42E86-044D-45CA-B215-D1A9E313E620}.Debug|Any CPU.Build.0 = Debug|Any CPU
		{0AD42E86-044D-45CA-B215-D1A9E313E620}.Release|Any CPU.ActiveCfg = Release|Any CPU
		{0AD42E86-044D-45CA-B215-D1A9E313E620}.Release|Any CPU.Build.0 = Release|Any CPU
		{8A93D742-C7D2-40A4-AA53-65D7431E1122}.Debug|Any CPU.ActiveCfg = Debug|Any CPU
		{8A93D742-C7D2-40A4-AA53-65D7431E1122}.Debug|Any CPU.Build.0 = Debug|Any CPU
		{8A93D742-C7D2-40A4-AA53-65D7431E1122}.Release|Any CPU.ActiveCfg = Release|Any CPU
		{8A93D742-C7D2-40A4-AA53-65D7431E1122}.Release|Any CPU.Build.0 = Release|Any CPU
	EndGlobalSection
	GlobalSection(SolutionProperties) = preSolution
		HideSolutionNode = FALSE
	EndGlobalSection
	GlobalSection(ExtensibilityGlobals) = postSolution
		SolutionGuid = {E8F3F9A2-8106-402A-8592-B428530A8F67}
	EndGlobalSection
EndGlobal
